
Microsoft Visual Studio Solution File, Format Version 12.00
# Visual Studio 15
VisualStudioVersion = 15.0.28307.271
MinimumVisualStudioVersion = 10.0.40219.1
Project("{FAE04EC0-301F-11D3-BF4B-00C04F79EFBC}") = "PruebaDetalle", "PruebaDetalle\PruebaDetalle.csproj", "{0E3900CA-06B3-4ADD-BB9A-84B8879C1425}"
EndProject
Project("{FAE04EC0-301F-11D3-BF4B-00C04F79EFBC}") = "PruebaDetalle.Tests", "PruebaDetalle.Tests\PruebaDetalle.Tests.csproj", "{D8740195-5D67-482D-8C72-1C3056CDEBB7}"
EndProject
Global
	GlobalSection(SolutionConfigurationPlatforms) = preSolution
		Debug|Any CPU = Debug|Any CPU
		Release|Any CPU = Release|Any CPU
	EndGlobalSection
	GlobalSection(ProjectConfigurationPlatforms) = postSolution
		{0E3900CA-06B3-4ADD-BB9A-84B8879C1425}.Debug|Any CPU.ActiveCfg = Debug|Any CPU
		{0E3900CA-06B3-4ADD-BB9A-84B8879C1425}.Debug|Any CPU.Build.0 = Debug|Any CPU
		{0E3900CA-06B3-4ADD-BB9A-84B8879C1425}.Release|Any CPU.ActiveCfg = Release|Any CPU
		{0E3900CA-06B3-4ADD-BB9A-84B8879C1425}.Release|Any CPU.Build.0 = Release|Any CPU
		{D8740195-5D67-482D-8C72-1C3056CDEBB7}.Debug|Any CPU.ActiveCfg = Debug|Any CPU
		{D8740195-5D67-482D-8C72-1C3056CDEBB7}.Debug|Any CPU.Build.0 = Debug|Any CPU
		{D8740195-5D67-482D-8C72-1C3056CDEBB7}.Release|Any CPU.ActiveCfg = Release|Any CPU
		{D8740195-5D67-482D-8C72-1C3056CDEBB7}.Release|Any CPU.Build.0 = Release|Any CPU
	EndGlobalSection
	GlobalSection(SolutionProperties) = preSolution
		HideSolutionNode = FALSE
	EndGlobalSection
	GlobalSection(ExtensibilityGlobals) = postSolution
		SolutionGuid = {6FEFF322-8C73-4644-A83B-0C4218BCB239}
	EndGlobalSection
EndGlobal
